// !$*UTF8*$!
{
	archiveVersion = 1;
	classes = {
	};
	objectVersion = 46;
	objects = {

/* Begin PBXBuildFile section */
		1AF664121B9D80D200D0221F /* main.m in Sources */ = {isa = PBXBuildFile; fileRef = 1AF664111B9D80D200D0221F /* main.m */; };
		1AF664151B9D80D200D0221F /* AppDelegate.m in Sources */ = {isa = PBXBuildFile; fileRef = 1AF664141B9D80D200D0221F /* AppDelegate.m */; };
		1AF664181B9D80D200D0221F /* ViewController.m in Sources */ = {isa = PBXBuildFile; fileRef = 1AF664171B9D80D200D0221F /* ViewController.m */; };
		1AF6641B1B9D80D200D0221F /* Main.storyboard in Resources */ = {isa = PBXBuildFile; fileRef = 1AF664191B9D80D200D0221F /* Main.storyboard */; };
		1AF6641D1B9D80D200D0221F /* Images.xcassets in Resources */ = {isa = PBXBuildFile; fileRef = 1AF6641C1B9D80D200D0221F /* Images.xcassets */; };
		1AF664201B9D80D200D0221F /* LaunchScreen.xib in Resources */ = {isa = PBXBuildFile; fileRef = 1AF6641E1B9D80D200D0221F /* LaunchScreen.xib */; };
		1AF6642C1B9D80D200D0221F /* GetDeciveInfoTests.m in Sources */ = {isa = PBXBuildFile; fileRef = 1AF6642B1B9D80D200D0221F /* GetDeciveInfoTests.m */; };
/* End PBXBuildFile section */

/* Begin PBXContainerItemProxy section */
		1AF664261B9D80D200D0221F /* PBXContainerItemProxy */ = {
			isa = PBXContainerItemProxy;
			containerPortal = 1AF664041B9D80D200D0221F /* Project object */;
			proxyType = 1;
			remoteGlobalIDString = 1AF6640B1B9D80D200D0221F;
			remoteInfo = GetDeciveInfo;
		};
/* End PBXContainerItemProxy section */

/* Begin PBXFileReference section */
		1AF6640C1B9D80D200D0221F /* GetDeciveInfo.app */ = {isa = PBXFileReference; explicitFileType = wrapper.application; includeInIndex = 0; path = GetDeciveInfo.app; sourceTree = BUILT_PRODUCTS_DIR; };
		1AF664101B9D80D200D0221F /* Info.plist */ = {isa = PBXFileReference; lastKnownFileType = text.plist.xml; path = Info.plist; sourceTree = "<group>"; };
		1AF664111B9D80D200D0221F /* main.m */ = {isa = PBXFileReference; lastKnownFileType = sourcecode.c.objc; path = main.m; sourceTree = "<group>"; };
		1AF664131B9D80D200D0221F /* AppDelegate.h */ = {isa = PBXFileReference; lastKnownFileType = sourcecode.c.h; path = AppDelegate.h; sourceTree = "<group>"; };
		1AF664141B9D80D200D0221F /* AppDelegate.m */ = {isa = PBXFileReference; lastKnownFileType = sourcecode.c.objc; path = AppDelegate.m; sourceTree = "<group>"; };
		1AF664161B9D80D200D0221F /* ViewController.h */ = {isa = PBXFileReference; lastKnownFileType = sourcecode.c.h; path = ViewController.h; sourceTree = "<group>"; };
		1AF664171B9D80D200D0221F /* ViewController.m */ = {isa = PBXFileReference; lastKnownFileType = sourcecode.c.objc; path = ViewController.m; sourceTree = "<group>"; };
		1AF6641A1B9D80D200D0221F /* Base */ = {isa = PBXFileReference; lastKnownFileType = file.storyboard; name = Base; path = Base.lproj/Main.storyboard; sourceTree = "<group>"; };
		1AF6641C1B9D80D200D0221F /* Images.xcassets */ = {isa = PBXFileReference; lastKnownFileType = folder.assetcatalog; path = Images.xcassets; sourceTree = "<group>"; };
		1AF6641F1B9D80D200D0221F /* Base */ = {isa = PBXFileReference; lastKnownFileType = file.xib; name = Base; path = Base.lproj/LaunchScreen.xib; sourceTree = "<group>"; };
		1AF664251B9D80D200D0221F /* GetDeciveInfoTests.xctest */ = {isa = PBXFileReference; explicitFileType = wrapper.cfbundle; includeInIndex = 0; path = GetDeciveInfoTests.xctest; sourceTree = BUILT_PRODUCTS_DIR; };
		1AF6642A1B9D80D200D0221F /* Info.plist */ = {isa = PBXFileReference; lastKnownFileType = text.plist.xml; path = Info.plist; sourceTree = "<group>"; };
		1AF6642B1B9D80D200D0221F /* GetDeciveInfoTests.m */ = {isa = PBXFileReference; lastKnownFileType = sourcecode.c.objc; path = GetDeciveInfoTests.m; sourceTree = "<group>"; };
/* End PBXFileReference section */

/* Begin PBXFrameworksBuildPhase section */
		1AF664091B9D80D200D0221F /* Frameworks */ = {
			isa = PBXFrameworksBuildPhase;
			buildActionMask = 2147483647;
			files = (
			);
			runOnlyForDeploymentPostprocessing = 0;
		};
		1AF664221B9D80D200D0221F /* Frameworks */ = {
			isa = PBXFrameworksBuildPhase;
			buildActionMask = 2147483647;
			files = (
			);
			runOnlyForDeploymentPostprocessing = 0;
		};
/* End PBXFrameworksBuildPhase section */

/* Begin PBXGroup section */
		1AF664031B9D80D200D0221F = {
			isa = PBXGroup;
			children = (
				1AF6640E1B9D80D200D0221F /* GetDeciveInfo */,
				1AF664281B9D80D200D0221F /* GetDeciveInfoTests */,
				1AF6640D1B9D80D200D0221F /* Products */,
			);
			sourceTree = "<group>";
		};
		1AF6640D1B9D80D200D0221F /* Products */ = {
			isa = PBXGroup;
			children = (
				1AF6640C1B9D80D200D0221F /* GetDeciveInfo.app */,
				1AF664251B9D80D200D0221F /* GetDeciveInfoTests.xctest */,
			);
			name = Products;
			sourceTree = "<group>";
		};
		1AF6640E1B9D80D200D0221F /* GetDeciveInfo */ = {
			isa = PBXGroup;
			children = (
				1AF664131B9D80D200D0221F /* AppDelegate.h */,
				1AF664141B9D80D200D0221F /* AppDelegate.m */,
				1AF664161B9D80D200D0221F /* ViewController.h */,
				1AF664171B9D80D200D0221F /* ViewController.m */,
				1AF664191B9D80D200D0221F /* Main.storyboard */,
				1AF6641C1B9D80D200D0221F /* Images.xcassets */,
				1AF6641E1B9D80D200D0221F /* LaunchScreen.xib */,
				1AF6640F1B9D80D200D0221F /* Supporting Files */,
			);
			path = GetDeciveInfo;
			sourceTree = "<group>";
		};
		1AF6640F1B9D80D200D0221F /* Supporting Files */ = {
			isa = PBXGroup;
			children = (
				1AF664101B9D80D200D0221F /* Info.plist */,
				1AF664111B9D80D200D0221F /* main.m */,
			);
			name = "Supporting Files";
			sourceTree = "<group>";
		};
		1AF664281B9D80D200D0221F /* GetDeciveInfoTests */ = {
			isa = PBXGroup;
			children = (
				1AF6642B1B9D80D200D0221F /* GetDeciveInfoTests.m */,
				1AF664291B9D80D200D0221F /* Supporting Files */,
			);
			path = GetDeciveInfoTests;
			sourceTree = "<group>";
		};
		1AF664291B9D80D200D0221F /* Supporting Files */ = {
			isa = PBXGroup;
			children = (
				1AF6642A1B9D80D200D0221F /* Info.plist */,
			);
			name = "Supporting Files";
			sourceTree = "<group>";
		};
/* End PBXGroup section */

/* Begin PBXNativeTarget section */
		1AF6640B1B9D80D200D0221F /* GetDeciveInfo */ = {
			isa = PBXNativeTarget;
			buildConfigurationList = 1AF6642F1B9D80D200D0221F /* Build configuration list for PBXNativeTarget "GetDeciveInfo" */;
			buildPhases = (
				1AF664081B9D80D200D0221F /* Sources */,
				1AF664091B9D80D200D0221F /* Frameworks */,
				1AF6640A1B9D80D200D0221F /* Resources */,
			);
			buildRules = (
			);
			dependencies = (
			);
			name = GetDeciveInfo;
			productName = GetDeciveInfo;
			productReference = 1AF6640C1B9D80D200D0221F /* GetDeciveInfo.app */;
			productType = "com.apple.product-type.application";
		};
		1AF664241B9D80D200D0221F /* GetDeciveInfoTests */ = {
			isa = PBXNativeTarget;
			buildConfigurationList = 1AF664321B9D80D200D0221F /* Build configuration list for PBXNativeTarget "GetDeciveInfoTests" */;
			buildPhases = (
				1AF664211B9D80D200D0221F /* Sources */,
				1AF664221B9D80D200D0221F /* Frameworks */,
				1AF664231B9D80D200D0221F /* Resources */,
			);
			buildRules = (
			);
			dependencies = (
				1AF664271B9D80D200D0221F /* PBXTargetDependency */,
			);
			name = GetDeciveInfoTests;
			productName = GetDeciveInfoTests;
			productReference = 1AF664251B9D80D200D0221F /* GetDeciveInfoTests.xctest */;
			productType = "com.apple.product-type.bundle.unit-test";
		};
/* End PBXNativeTarget section */

/* Begin PBXProject section */
		1AF664041B9D80D200D0221F /* Project object */ = {
			isa = PBXProject;
			attributes = {
				LastUpgradeCheck = 0640;
				ORGANIZATIONNAME = lichang;
				TargetAttributes = {
					1AF6640B1B9D80D200D0221F = {
						CreatedOnToolsVersion = 6.4;
					};
					1AF664241B9D80D200D0221F = {
						CreatedOnToolsVersion = 6.4;
						TestTargetID = 1AF6640B1B9D80D200D0221F;
					};
				};
			};
			buildConfigurationList = 1AF664071B9D80D200D0221F /* Build configuration list for PBXProject "GetDeciveInfo" */;
			compatibilityVersion = "Xcode 3.2";
			developmentRegion = English;
			hasScannedForEncodings = 0;
			knownRegions = (
				en,
				Base,
			);
			mainGroup = 1AF664031B9D80D200D0221F;
			productRefGroup = 1AF6640D1B9D80D200D0221F /* Products */;
			projectDirPath = "";
			projectRoot = "";
			targets = (
				1AF6640B1B9D80D200D0221F /* GetDeciveInfo */,
				1AF664241B9D80D200D0221F /* GetDeciveInfoTests */,
			);
		};
/* End PBXProject section */

/* Begin PBXResourcesBuildPhase section */
		1AF6640A1B9D80D200D0221F /* Resources */ = {
			isa = PBXResourcesBuildPhase;
			buildActionMask = 2147483647;
			files = (
				1AF6641B1B9D80D200D0221F /* Main.storyboard in Resources */,
				1AF664201B9D80D200D0221F /* LaunchScreen.xib in Resources */,
				1AF6641D1B9D80D200D0221F /* Images.xcassets in Resources */,
			);
			runOnlyForDeploymentPostprocessing = 0;
		};
		1AF664231B9D80D200D0221F /* Resources */ = {
			isa = PBXResourcesBuildPhase;
			buildActionMask = 2147483647;
			files = (
			);
			runOnlyForDeploymentPostprocessing = 0;
		};
/* End PBXResourcesBuildPhase section */

/* Begin PBXSourcesBuildPhase section */
		1AF664081B9D80D200D0221F /* Sources */ = {
			isa = PBXSourcesBuildPhase;
			buildActionMask = 2147483647;
			files = (
				1AF664181B9D80D200D0221F /* ViewController.m in Sources */,
				1AF664151B9D80D200D0221F /* AppDelegate.m in Sources */,
				1AF664121B9D80D200D0221F /* main.m in Sources */,
			);
			runOnlyForDeploymentPostprocessing = 0;
		};
		1AF664211B9D80D200D0221F /* Sources */ = {
			isa = PBXSourcesBuildPhase;
			buildActionMask = 2147483647;
			files = (
				1AF6642C1B9D80D200D0221F /* GetDeciveInfoTests.m in Sources */,
			);
			runOnlyForDeploymentPostprocessing = 0;
		};
/* End PBXSourcesBuildPhase section */

/* Begin PBXTargetDependency section */
		1AF664271B9D80D200D0221F /* PBXTargetDependency */ = {
			isa = PBXTargetDependency;
			target = 1AF6640B1B9D80D200D0221F /* GetDeciveInfo */;
			targetProxy = 1AF664261B9D80D200D0221F /* PBXContainerItemProxy */;
		};
/* End PBXTargetDependency section */

/* Begin PBXVariantGroup section */
		1AF664191B9D80D200D0221F /* Main.storyboard */ = {
			isa = PBXVariantGroup;
			children = (
				1AF6641A1B9D80D200D0221F /* Base */,
			);
			name = Main.storyboard;
			sourceTree = "<group>";
		};
		1AF6641E1B9D80D200D0221F /* LaunchScreen.xib */ = {
			isa = PBXVariantGroup;
			children = (
				1AF6641F1B9D80D200D0221F /* Base */,
			);
			name = LaunchScreen.xib;
			sourceTree = "<group>";
		};
/* End PBXVariantGroup section */

/* Begin XCBuildConfiguration section */
		1AF6642D1B9D80D200D0221F /* Debug */ = {
			isa = XCBuildConfiguration;
			buildSettings = {
				ALWAYS_SEARCH_USER_PATHS = NO;
				CLANG_CXX_LANGUAGE_STANDARD = "gnu++0x";
				CLANG_CXX_LIBRARY = "libc++";
				CLANG_ENABLE_MODULES = YES;
				CLANG_ENABLE_OBJC_ARC = YES;
				CLANG_WARN_BOOL_CONVERSION = YES;
				CLANG_WARN_CONSTANT_CONVERSION = YES;
				CLANG_WARN_DIRECT_OBJC_ISA_USAGE = YES_ERROR;
				CLANG_WARN_EMPTY_BODY = YES;
				CLANG_WARN_ENUM_CONVERSION = YES;
				CLANG_WARN_INT_CONVERSION = YES;
				CLANG_WARN_OBJC_ROOT_CLASS = YES_ERROR;
				CLANG_WARN_UNREACHABLE_CODE = YES;
				CLANG_WARN__DUPLICATE_METHOD_MATCH = YES;
				"CODE_SIGN_IDENTITY[sdk=iphoneos*]" = "iPhone Developer";
				COPY_PHASE_STRIP = NO;
				DEBUG_INFORMATION_FORMAT = "dwarf-with-dsym";
				ENABLE_STRICT_OBJC_MSGSEND = YES;
				GCC_C_LANGUAGE_STANDARD = gnu99;
				GCC_DYNAMIC_NO_PIC = NO;
				GCC_NO_COMMON_BLOCKS = YES;
				GCC_OPTIMIZATION_LEVEL = 0;
				GCC_PREPROCESSOR_DEFINITIONS = (
					"DEBUG=1",
					"$(inherited)",
				);
				GCC_SYMBOLS_PRIVATE_EXTERN = NO;
				GCC_WARN_64_TO_32_BIT_CONVERSION = YES;
				GCC_WARN_ABOUT_RETURN_TYPE = YES_ERROR;
				GCC_WARN_UNDECLARED_SELECTOR = YES;
				GCC_WARN_UNINITIALIZED_AUTOS = YES_AGGRESSIVE;
				GCC_WARN_UNUSED_FUNCTION = YES;
				GCC_WARN_UNUSED_VARIABLE = YES;
				IPHONEOS_DEPLOYMENT_TARGET = 8.4;
				MTL_ENABLE_DEBUG_INFO = YES;
				ONLY_ACTIVE_ARCH = YES;
				SDKROOT = iphoneos;
			};
			name = Debug;
		};
		1AF6642E1B9D80D200D0221F /* Release */ = {
			isa = XCBuildConfiguration;
			buildSettings = {
				ALWAYS_SEARCH_USER_PATHS = NO;
				CLANG_CXX_LANGUAGE_STANDARD = "gnu++0x";
				CLANG_CXX_LIBRARY = "libc++";
				CLANG_ENABLE_MODULES = YES;
				CLANG_ENABLE_OBJC_ARC = YES;
				CLANG_WARN_BOOL_CONVERSION = YES;
				CLANG_WARN_CONSTANT_CONVERSION = YES;
				CLANG_WARN_DIRECT_OBJC_ISA_USAGE = YES_ERROR;
				CLANG_WARN_EMPTY_BODY = YES;
				CLANG_WARN_ENUM_CONVERSION = YES;
				CLANG_WARN_INT_CONVERSION = YES;
				CLANG_WARN_OBJC_ROOT_CLASS = YES_ERROR;
				CLANG_WARN_UNREACHABLE_CODE = YES;
				CLANG_WARN__DUPLICATE_METHOD_MATCH = YES;
				"CODE_SIGN_IDENTITY[sdk=iphoneos*]" = "iPhone Developer";
				COPY_PHASE_STRIP = NO;
				DEBUG_INFORMATION_FORMAT = "dwarf-with-dsym";
				ENABLE_NS_ASSERTIONS = NO;
				ENABLE_STRICT_OBJC_MSGSEND = YES;
				GCC_C_LANGUAGE_STANDARD = gnu99;
				GCC_NO_COMMON_BLOCKS = YES;
				GCC_WARN_64_TO_32_BIT_CONVERSION = YES;
				GCC_WARN_ABOUT_RETURN_TYPE = YES_ERROR;
				GCC_WARN_UNDECLARED_SELECTOR = YES;
				GCC_WARN_UNINITIALIZED_AUTOS = YES_AGGRESSIVE;
				GCC_WARN_UNUSED_FUNCTION = YES;
				GCC_WARN_UNUSED_VARIABLE = YES;
				IPHONEOS_DEPLOYMENT_TARGET = 8.4;
				MTL_ENABLE_DEBUG_INFO = NO;
				SDKROOT = iphoneos;
				VALIDATE_PRODUCT = YES;
			};
			name = Release;
		};
		1AF664301B9D80D200D0221F /* Debug */ = {
			isa = XCBuildConfiguration;
			buildSettings = {
				ASSETCATALOG_COMPILER_APPICON_NAME = AppIcon;
				INFOPLIST_FILE = GetDeciveInfo/Info.plist;
				LD_RUNPATH_SEARCH_PATHS = "$(inherited) @executable_path/Frameworks";
				PRODUCT_NAME = "$(TARGET_NAME)";
			};
			name = Debug;
		};
		1AF664311B9D80D200D0221F /* Release */ = {
			isa = XCBuildConfiguration;
			buildSettings = {
				ASSETCATALOG_COMPILER_APPICON_NAME = AppIcon;
				INFOPLIST_FILE = GetDeciveInfo/Info.plist;
				LD_RUNPATH_SEARCH_PATHS = "$(inherited) @executable_path/Frameworks";
				PRODUCT_NAME = "$(TARGET_NAME)";
			};
			name = Release;
		};
		1AF664331B9D80D200D0221F /* Debug */ = {
			isa = XCBuildConfiguration;
			buildSettings = {
				BUNDLE_LOADER = "$(TEST_HOST)";
				FRAMEWORK_SEARCH_PATHS = (
					"$(SDKROOT)/Developer/Library/Frameworks",
					"$(inherited)",
				);
				GCC_PREPROCESSOR_DEFINITIONS = (
					"DEBUG=1",
					"$(inherited)",
				);
				INFOPLIST_FILE = GetDeciveInfoTests/Info.plist;
				LD_RUNPATH_SEARCH_PATHS = "$(inherited) @executable_path/Frameworks @loader_path/Frameworks";
				PRODUCT_NAME = "$(TARGET_NAME)";
				TEST_HOST = "$(BUILT_PRODUCTS_DIR)/GetDeciveInfo.app/GetDeciveInfo";
			};
			name = Debug;
		};
		1AF664341B9D80D200D0221F /* Release */ = {
			isa = XCBuildConfiguration;
			buildSettings = {
				BUNDLE_LOADER = "$(TEST_HOST)";
				FRAMEWORK_SEARCH_PATHS = (
					"$(SDKROOT)/Developer/Library/Frameworks",
					"$(inherited)",
				);
				INFOPLIST_FILE = GetDeciveInfoTests/Info.plist;
				LD_RUNPATH_SEARCH_PATHS = "$(inherited) @executable_path/Frameworks @loader_path/Frameworks";
				PRODUCT_NAME = "$(TARGET_NAME)";
				TEST_HOST = "$(BUILT_PRODUCTS_DIR)/GetDeciveInfo.app/GetDeciveInfo";
			};
			name = Release;
		};
/* End XCBuildConfiguration section */

/* Begin XCConfigurationList section */
		1AF664071B9D80D200D0221F /* Build configuration list for PBXProject "GetDeciveInfo" */ = {
			isa = XCConfigurationList;
			buildConfigurations = (
				1AF6642D1B9D80D200D0221F /* Debug */,
				1AF6642E1B9D80D200D0221F /* Release */,
			);
			defaultConfigurationIsVisible = 0;
			defaultConfigurationName = Release;
		};
		1AF6642F1B9D80D200D0221F /* Build configuration list for PBXNativeTarget "GetDeciveInfo" */ = {
			isa = XCConfigurationList;
			buildConfigurations = (
				1AF664301B9D80D200D0221F /* Debug */,
				1AF664311B9D80D200D0221F /* Release */,
			);
			defaultConfigurationIsVisible = 0;
		};
		1AF664321B9D80D200D0221F /* Build configuration list for PBXNativeTarget "GetDeciveInfoTests" */ = {
			isa = XCConfigurationList;
			buildConfigurations = (
				1AF664331B9D80D200D0221F /* Debug */,
				1AF664341B9D80D200D0221F /* Release */,
			);
			defaultConfigurationIsVisible = 0;
		};
/* End XCConfigurationList section */
	};
	rootObject = 1AF664041B9D80D200D0221F /* Project object */;
}
